
Microsoft Visual Studio Solution File, Format Version 12.00
# Visual Studio 2013
VisualStudioVersion = 12.0.31101.0
MinimumVisualStudioVersion = 10.0.40219.1
Project("{FAE04EC0-301F-11D3-BF4B-00C04F79EFBC}") = "Logic.WPF", "Logic.WPF\Logic.WPF.csproj", "{CED022CA-6785-4FC6-AB1E-0A4F8E29D500}"
EndProject
Project("{2150E333-8FDC-42A3-9474-1A3956D46DE8}") = "Blocks", "Blocks", "{65B89479-F5CE-4861-94FB-98A0B9F49FDF}"
EndProject
Project("{FAE04EC0-301F-11D3-BF4B-00C04F79EFBC}") = "Logic.Core", "Logic.Core\Logic.Core.csproj", "{D7169BEA-6BA7-4E6E-8487-B922DC1A8822}"
EndProject
Project("{FAE04EC0-301F-11D3-BF4B-00C04F79EFBC}") = "Logic.Graph", "Logic.Graph\Logic.Graph.csproj", "{AA8C3513-6FC1-46A4-9DB7-16D4563DA912}"
EndProject
Project("{FAE04EC0-301F-11D3-BF4B-00C04F79EFBC}") = "Gates.And", "Blocks\Gates.And\Gates.And.csproj", "{3A302492-01FE-43C1-A915-5B414F52D2DD}"
EndProject
Project("{FAE04EC0-301F-11D3-BF4B-00C04F79EFBC}") = "Gates.Or", "Blocks\Gates.Or\Gates.Or.csproj", "{5D2CB016-3BFE-4126-A457-35DAFFDA3516}"
EndProject
Project("{FAE04EC0-301F-11D3-BF4B-00C04F79EFBC}") = "Signal", "Blocks\Signal\Signal.csproj", "{C3224CAD-3232-454E-A5D7-0D2612D40C4A}"
EndProject
Project("{FAE04EC0-301F-11D3-BF4B-00C04F79EFBC}") = "Gates.Inverter", "Blocks\Gates.Inverter\Gates.Inverter.csproj", "{716E532A-A9E9-4914-A36A-2802D25B956E}"
EndProject
Project("{FAE04EC0-301F-11D3-BF4B-00C04F79EFBC}") = "Memory.SR.Reset", "Blocks\Memory.SR.Reset\Memory.SR.Reset.csproj", "{61AABFD0-FD9E-47B7-B7B1-81BDAB5D6636}"
EndProject
Project("{FAE04EC0-301F-11D3-BF4B-00C04F79EFBC}") = "Memory.SR.Set", "Blocks\Memory.SR.Set\Memory.SR.Set.csproj", "{2D9E558D-9F6E-464B-A2E2-3FE39154AE49}"
EndProject
Project("{FAE04EC0-301F-11D3-BF4B-00C04F79EFBC}") = "Memory.SR.ResetVertical", "Blocks\Memory.SR.ResetVertical\Memory.SR.ResetVertical.csproj", "{3D8A8F10-B463-4410-AE7E-51D62FDB90D0}"
EndProject
Project("{FAE04EC0-301F-11D3-BF4B-00C04F79EFBC}") = "Memory.SR.SetVertical", "Blocks\Memory.SR.SetVertical\Memory.SR.SetVertical.csproj", "{94FC2344-3B47-4A85-B881-98DC19356638}"
EndProject
Project("{FAE04EC0-301F-11D3-BF4B-00C04F79EFBC}") = "Shortcut", "Blocks\Shortcut\Shortcut.csproj", "{897E643B-A5E6-4F54-BD7F-2577C14A5BE9}"
EndProject
Project("{FAE04EC0-301F-11D3-BF4B-00C04F79EFBC}") = "Timers.On", "Blocks\Timers.On\Timers.On.csproj", "{F2D538B0-E363-453E-A97F-9B37138472E5}"
EndProject
Project("{FAE04EC0-301F-11D3-BF4B-00C04F79EFBC}") = "Timers.Off", "Blocks\Timers.Off\Timers.Off.csproj", "{E5ED7BFB-911D-4F2E-BF45-D9B200802578}"
EndProject
Project("{FAE04EC0-301F-11D3-BF4B-00C04F79EFBC}") = "Timers.Pulse", "Blocks\Timers.Pulse\Timers.Pulse.csproj", "{99C61D20-165D-45F8-9BA6-E50AA0803558}"
EndProject
Project("{FAE04EC0-301F-11D3-BF4B-00C04F79EFBC}") = "Logic.Simulation", "Logic.Simulation\Logic.Simulation.csproj", "{65628359-E4D7-4031-95C8-760AE5CEED5F}"
EndProject
Project("{FAE04EC0-301F-11D3-BF4B-00C04F79EFBC}") = "Signal.Input", "Blocks\Signal.Input\Signal.Input.csproj", "{5ECA5F44-FA39-4797-AFA8-113A9514B200}"
EndProject
Global
	GlobalSection(SolutionConfigurationPlatforms) = preSolution
		Debug|Any CPU = Debug|Any CPU
		Release|Any CPU = Release|Any CPU
	EndGlobalSection
	GlobalSection(ProjectConfigurationPlatforms) = postSolution
		{CED022CA-6785-4FC6-AB1E-0A4F8E29D500}.Debug|Any CPU.ActiveCfg = Debug|Any CPU
		{CED022CA-6785-4FC6-AB1E-0A4F8E29D500}.Debug|Any CPU.Build.0 = Debug|Any CPU
		{CED022CA-6785-4FC6-AB1E-0A4F8E29D500}.Release|Any CPU.ActiveCfg = Release|Any CPU
		{CED022CA-6785-4FC6-AB1E-0A4F8E29D500}.Release|Any CPU.Build.0 = Release|Any CPU
		{D7169BEA-6BA7-4E6E-8487-B922DC1A8822}.Debug|Any CPU.ActiveCfg = Debug|Any CPU
		{D7169BEA-6BA7-4E6E-8487-B922DC1A8822}.Debug|Any CPU.Build.0 = Debug|Any CPU
		{D7169BEA-6BA7-4E6E-8487-B922DC1A8822}.Release|Any CPU.ActiveCfg = Release|Any CPU
		{D7169BEA-6BA7-4E6E-8487-B922DC1A8822}.Release|Any CPU.Build.0 = Release|Any CPU
		{AA8C3513-6FC1-46A4-9DB7-16D4563DA912}.Debug|Any CPU.ActiveCfg = Debug|Any CPU
		{AA8C3513-6FC1-46A4-9DB7-16D4563DA912}.Debug|Any CPU.Build.0 = Debug|Any CPU
		{AA8C3513-6FC1-46A4-9DB7-16D4563DA912}.Release|Any CPU.ActiveCfg = Release|Any CPU
		{AA8C3513-6FC1-46A4-9DB7-16D4563DA912}.Release|Any CPU.Build.0 = Release|Any CPU
		{3A302492-01FE-43C1-A915-5B414F52D2DD}.Debug|Any CPU.ActiveCfg = Debug|Any CPU
		{3A302492-01FE-43C1-A915-5B414F52D2DD}.Debug|Any CPU.Build.0 = Debug|Any CPU
		{3A302492-01FE-43C1-A915-5B414F52D2DD}.Release|Any CPU.ActiveCfg = Release|Any CPU
		{3A302492-01FE-43C1-A915-5B414F52D2DD}.Release|Any CPU.Build.0 = Release|Any CPU
		{5D2CB016-3BFE-4126-A457-35DAFFDA3516}.Debug|Any CPU.ActiveCfg = Debug|Any CPU
		{5D2CB016-3BFE-4126-A457-35DAFFDA3516}.Debug|Any CPU.Build.0 = Debug|Any CPU
		{5D2CB016-3BFE-4126-A457-35DAFFDA3516}.Release|Any CPU.ActiveCfg = Release|Any CPU
		{5D2CB016-3BFE-4126-A457-35DAFFDA3516}.Release|Any CPU.Build.0 = Release|Any CPU
		{C3224CAD-3232-454E-A5D7-0D2612D40C4A}.Debug|Any CPU.ActiveCfg = Debug|Any CPU
		{C3224CAD-3232-454E-A5D7-0D2612D40C4A}.Debug|Any CPU.Build.0 = Debug|Any CPU
		{C3224CAD-3232-454E-A5D7-0D2612D40C4A}.Release|Any CPU.ActiveCfg = Release|Any CPU
		{C3224CAD-3232-454E-A5D7-0D2612D40C4A}.Release|Any CPU.Build.0 = Release|Any CPU
		{716E532A-A9E9-4914-A36A-2802D25B956E}.Debug|Any CPU.ActiveCfg = Debug|Any CPU
		{716E532A-A9E9-4914-A36A-2802D25B956E}.Debug|Any CPU.Build.0 = Debug|Any CPU
		{716E532A-A9E9-4914-A36A-2802D25B956E}.Release|Any CPU.ActiveCfg = Release|Any CPU
		{716E532A-A9E9-4914-A36A-2802D25B956E}.Release|Any CPU.Build.0 = Release|Any CPU
		{61AABFD0-FD9E-47B7-B7B1-81BDAB5D6636}.Debug|Any CPU.ActiveCfg = Debug|Any CPU
		{61AABFD0-FD9E-47B7-B7B1-81BDAB5D6636}.Debug|Any CPU.Build.0 = Debug|Any CPU
		{61AABFD0-FD9E-47B7-B7B1-81BDAB5D6636}.Release|Any CPU.ActiveCfg = Release|Any CPU
		{61AABFD0-FD9E-47B7-B7B1-81BDAB5D6636}.Release|Any CPU.Build.0 = Release|Any CPU
		{2D9E558D-9F6E-464B-A2E2-3FE39154AE49}.Debug|Any CPU.ActiveCfg = Debug|Any CPU
		{2D9E558D-9F6E-464B-A2E2-3FE39154AE49}.Debug|Any CPU.Build.0 = Debug|Any CPU
		{2D9E558D-9F6E-464B-A2E2-3FE39154AE49}.Release|Any CPU.ActiveCfg = Release|Any CPU
		{2D9E558D-9F6E-464B-A2E2-3FE39154AE49}.Release|Any CPU.Build.0 = Release|Any CPU
		{3D8A8F10-B463-4410-AE7E-51D62FDB90D0}.Debug|Any CPU.ActiveCfg = Debug|Any CPU
		{3D8A8F10-B463-4410-AE7E-51D62FDB90D0}.Debug|Any CPU.Build.0 = Debug|Any CPU
		{3D8A8F10-B463-4410-AE7E-51D62FDB90D0}.Release|Any CPU.ActiveCfg = Release|Any CPU
		{3D8A8F10-B463-4410-AE7E-51D62FDB90D0}.Release|Any CPU.Build.0 = Release|Any CPU
		{94FC2344-3B47-4A85-B881-98DC19356638}.Debug|Any CPU.ActiveCfg = Debug|Any CPU
		{94FC2344-3B47-4A85-B881-98DC19356638}.Debug|Any CPU.Build.0 = Debug|Any CPU
		{94FC2344-3B47-4A85-B881-98DC19356638}.Release|Any CPU.ActiveCfg = Release|Any CPU
		{94FC2344-3B47-4A85-B881-98DC19356638}.Release|Any CPU.Build.0 = Release|Any CPU
		{897E643B-A5E6-4F54-BD7F-2577C14A5BE9}.Debug|Any CPU.ActiveCfg = Debug|Any CPU
		{897E643B-A5E6-4F54-BD7F-2577C14A5BE9}.Debug|Any CPU.Build.0 = Debug|Any CPU
		{897E643B-A5E6-4F54-BD7F-2577C14A5BE9}.Release|Any CPU.ActiveCfg = Release|Any CPU
		{897E643B-A5E6-4F54-BD7F-2577C14A5BE9}.Release|Any CPU.Build.0 = Release|Any CPU
		{F2D538B0-E363-453E-A97F-9B37138472E5}.Debug|Any CPU.ActiveCfg = Debug|Any CPU
		{F2D538B0-E363-453E-A97F-9B37138472E5}.Debug|Any CPU.Build.0 = Debug|Any CPU
		{F2D538B0-E363-453E-A97F-9B37138472E5}.Release|Any CPU.ActiveCfg = Release|Any CPU
		{F2D538B0-E363-453E-A97F-9B37138472E5}.Release|Any CPU.Build.0 = Release|Any CPU
		{E5ED7BFB-911D-4F2E-BF45-D9B200802578}.Debug|Any CPU.ActiveCfg = Debug|Any CPU
		{E5ED7BFB-911D-4F2E-BF45-D9B200802578}.Debug|Any CPU.Build.0 = Debug|Any CPU
		{E5ED7BFB-911D-4F2E-BF45-D9B200802578}.Release|Any CPU.ActiveCfg = Release|Any CPU
		{E5ED7BFB-911D-4F2E-BF45-D9B200802578}.Release|Any CPU.Build.0 = Release|Any CPU
		{99C61D20-165D-45F8-9BA6-E50AA0803558}.Debug|Any CPU.ActiveCfg = Debug|Any CPU
		{99C61D20-165D-45F8-9BA6-E50AA0803558}.Debug|Any CPU.Build.0 = Debug|Any CPU
		{99C61D20-165D-45F8-9BA6-E50AA0803558}.Release|Any CPU.ActiveCfg = Release|Any CPU
		{99C61D20-165D-45F8-9BA6-E50AA0803558}.Release|Any CPU.Build.0 = Release|Any CPU
		{65628359-E4D7-4031-95C8-760AE5CEED5F}.Debug|Any CPU.ActiveCfg = Debug|Any CPU
		{65628359-E4D7-4031-95C8-760AE5CEED5F}.Debug|Any CPU.Build.0 = Debug|Any CPU
		{65628359-E4D7-4031-95C8-760AE5CEED5F}.Release|Any CPU.ActiveCfg = Release|Any CPU
		{65628359-E4D7-4031-95C8-760AE5CEED5F}.Release|Any CPU.Build.0 = Release|Any CPU
		{5ECA5F44-FA39-4797-AFA8-113A9514B200}.Debug|Any CPU.ActiveCfg = Debug|Any CPU
		{5ECA5F44-FA39-4797-AFA8-113A9514B200}.Debug|Any CPU.Build.0 = Debug|Any CPU
		{5ECA5F44-FA39-4797-AFA8-113A9514B200}.Release|Any CPU.ActiveCfg = Release|Any CPU
		{5ECA5F44-FA39-4797-AFA8-113A9514B200}.Release|Any CPU.Build.0 = Release|Any CPU
	EndGlobalSection
	GlobalSection(SolutionProperties) = preSolution
		HideSolutionNode = FALSE
	EndGlobalSection
	GlobalSection(NestedProjects) = preSolution
		{3A302492-01FE-43C1-A915-5B414F52D2DD} = {65B89479-F5CE-4861-94FB-98A0B9F49FDF}
		{5D2CB016-3BFE-4126-A457-35DAFFDA3516} = {65B89479-F5CE-4861-94FB-98A0B9F49FDF}
		{C3224CAD-3232-454E-A5D7-0D2612D40C4A} = {65B89479-F5CE-4861-94FB-98A0B9F49FDF}
		{716E532A-A9E9-4914-A36A-2802D25B956E} = {65B89479-F5CE-4861-94FB-98A0B9F49FDF}
		{61AABFD0-FD9E-47B7-B7B1-81BDAB5D6636} = {65B89479-F5CE-4861-94FB-98A0B9F49FDF}
		{2D9E558D-9F6E-464B-A2E2-3FE39154AE49} = {65B89479-F5CE-4861-94FB-98A0B9F49FDF}
		{3D8A8F10-B463-4410-AE7E-51D62FDB90D0} = {65B89479-F5CE-4861-94FB-98A0B9F49FDF}
		{94FC2344-3B47-4A85-B881-98DC19356638} = {65B89479-F5CE-4861-94FB-98A0B9F49FDF}
		{897E643B-A5E6-4F54-BD7F-2577C14A5BE9} = {65B89479-F5CE-4861-94FB-98A0B9F49FDF}
		{F2D538B0-E363-453E-A97F-9B37138472E5} = {65B89479-F5CE-4861-94FB-98A0B9F49FDF}
		{E5ED7BFB-911D-4F2E-BF45-D9B200802578} = {65B89479-F5CE-4861-94FB-98A0B9F49FDF}
		{99C61D20-165D-45F8-9BA6-E50AA0803558} = {65B89479-F5CE-4861-94FB-98A0B9F49FDF}
		{5ECA5F44-FA39-4797-AFA8-113A9514B200} = {65B89479-F5CE-4861-94FB-98A0B9F49FDF}
	EndGlobalSection
EndGlobal
